
Microsoft Visual Studio Solution File, Format Version 12.00
# Visual Studio Version 17
VisualStudioVersion = 17.7.34024.191
MinimumVisualStudioVersion = 10.0.40219.1
Project("{FAE04EC0-301F-11D3-BF4B-00C04F79EFBC}") = "BaiTap02B", "BaiTap02B\BaiTap02B.csproj", "{D63510BB-7097-42A8-851E-4DA794654588}"
EndProject
Global
	GlobalSection(SolutionConfigurationPlatforms) = preSolution
		Debug|Any CPU = Debug|Any CPU
		Release|Any CPU = Release|Any CPU
	EndGlobalSection
	GlobalSection(ProjectConfigurationPlatforms) = postSolution
		{D63510BB-7097-42A8-851E-4DA794654588}.Debug|Any CPU.ActiveCfg = Debug|Any CPU
		{D63510BB-7097-42A8-851E-4DA794654588}.Debug|Any CPU.Build.0 = Debug|Any CPU
		{D63510BB-7097-42A8-851E-4DA794654588}.Release|Any CPU.ActiveCfg = Release|Any CPU
		{D63510BB-7097-42A8-851E-4DA794654588}.Release|Any CPU.Build.0 = Release|Any CPU
	EndGlobalSection
	GlobalSection(SolutionProperties) = preSolution
		HideSolutionNode = FALSE
	EndGlobalSection
	GlobalSection(ExtensibilityGlobals) = postSolution
		SolutionGuid = {29A3984B-8117-401A-AC96-2108A8015945}
	EndGlobalSection
EndGlobal
